lockfileVersion: '6.0'

settings:
  autoInstallPeers: true
  excludeLinksFromLockfile: false

dependencies:
  '@types/dropzone':
    specifier: ^5.7.5
    version: 5.7.5

packages:

  /@types/dropzone@5.7.5:
    resolution: {integrity: sha512-DcGE3jXd55HsQH79XntH17RxzMv11sqUMS5Dh7hYyKt0Qm41aN334hbUn5k7NNNlV0Ex+QxLhjdgfdoKeYlwng==}
    dependencies:
      '@types/jquery': 3.5.20
    dev: false

  /@types/jquery@3.5.20:
    resolution: {integrity: sha512-UI+EGhgYD4LdSZ8gaiziFqXYIIB38VQSDsnAs8jL/div7FGrzrShx4HKCykVzk3tPfiIlusdNP9Wi3G60LCF2Q==}
    dependencies:
      '@types/sizzle': 2.3.4
    dev: false

  /@types/sizzle@2.3.4:
    resolution: {integrity: sha512-jA2llq2zNkg8HrALI7DtWzhALcVH0l7i89yhY3iBdOz6cBPeACoFq+fkQrjHA39t1hnSFOboZ7A/AY5MMZSlag==}
    dev: false
